
Microsoft Visual Studio Solution File, Format Version 12.00
# Visual Studio Version 17
VisualStudioVersion = 17.4.33213.308
MinimumVisualStudioVersion = 10.0.40219.1
Project("{9A19103F-16F7-4668-BE54-9A1E7A4F7556}") = "Geometry", "Geometry\Geometry.csproj", "{EDA90F60-302A-4BA1-8AD9-42ACA2E17B8D}"
EndProject
Project("{FAE04EC0-301F-11D3-BF4B-00C04F79EFBC}") = "Geometry.Tests", "Geometry.Tests\Geometry.Tests.csproj", "{D2123064-A2FC-4652-9C78-68EB59756FFC}"
EndProject
Project("{9A19103F-16F7-4668-BE54-9A1E7A4F7556}") = "InvoiceAplication", "InvoiceAplication\InvoiceAplication.csproj", "{EB42FA98-B8B2-40A3-9F1C-09BE075F254B}"
EndProject
Project("{FAE04EC0-301F-11D3-BF4B-00C04F79EFBC}") = "InvoiceApplication.BusinessLogic", "InvoiceApplication.BusinessLogic\InvoiceApplication.BusinessLogic.csproj", "{2ABBA57B-56D9-4F35-9423-DC5B42F74150}"
EndProject
Global
	GlobalSection(SolutionConfigurationPlatforms) = preSolution
		Debug|Any CPU = Debug|Any CPU
		Release|Any CPU = Release|Any CPU
	EndGlobalSection
	GlobalSection(ProjectConfigurationPlatforms) = postSolution
		{EDA90F60-302A-4BA1-8AD9-42ACA2E17B8D}.Debug|Any CPU.ActiveCfg = Debug|Any CPU
		{EDA90F60-302A-4BA1-8AD9-42ACA2E17B8D}.Debug|Any CPU.Build.0 = Debug|Any CPU
		{EDA90F60-302A-4BA1-8AD9-42ACA2E17B8D}.Release|Any CPU.ActiveCfg = Release|Any CPU
		{EDA90F60-302A-4BA1-8AD9-42ACA2E17B8D}.Release|Any CPU.Build.0 = Release|Any CPU
		{D2123064-A2FC-4652-9C78-68EB59756FFC}.Debug|Any CPU.ActiveCfg = Debug|Any CPU
		{D2123064-A2FC-4652-9C78-68EB59756FFC}.Debug|Any CPU.Build.0 = Debug|Any CPU
		{D2123064-A2FC-4652-9C78-68EB59756FFC}.Release|Any CPU.ActiveCfg = Release|Any CPU
		{D2123064-A2FC-4652-9C78-68EB59756FFC}.Release|Any CPU.Build.0 = Release|Any CPU
		{EB42FA98-B8B2-40A3-9F1C-09BE075F254B}.Debug|Any CPU.ActiveCfg = Debug|Any CPU
		{EB42FA98-B8B2-40A3-9F1C-09BE075F254B}.Debug|Any CPU.Build.0 = Debug|Any CPU
		{EB42FA98-B8B2-40A3-9F1C-09BE075F254B}.Release|Any CPU.ActiveCfg = Release|Any CPU
		{EB42FA98-B8B2-40A3-9F1C-09BE075F254B}.Release|Any CPU.Build.0 = Release|Any CPU
		{2ABBA57B-56D9-4F35-9423-DC5B42F74150}.Debug|Any CPU.ActiveCfg = Debug|Any CPU
		{2ABBA57B-56D9-4F35-9423-DC5B42F74150}.Debug|Any CPU.Build.0 = Debug|Any CPU
		{2ABBA57B-56D9-4F35-9423-DC5B42F74150}.Release|Any CPU.ActiveCfg = Release|Any CPU
		{2ABBA57B-56D9-4F35-9423-DC5B42F74150}.Release|Any CPU.Build.0 = Release|Any CPU
	EndGlobalSection
	GlobalSection(SolutionProperties) = preSolution
		HideSolutionNode = FALSE
	EndGlobalSection
	GlobalSection(ExtensibilityGlobals) = postSolution
		SolutionGuid = {E50BFBCD-252C-49E7-9CD2-2778C2BEE510}
	EndGlobalSection
EndGlobal
